
Microsoft Visual Studio Solution File, Format Version 12.00
# Visual Studio Version 16
VisualStudioVersion = 16.0.30717.126
MinimumVisualStudioVersion = 10.0.40219.1
Project("{FAE04EC0-301F-11D3-BF4B-00C04F79EFBC}") = "Leetcode_Strings", "Leetcode_Strings\Leetcode_Strings.csproj", "{B9B2F0E8-08C6-406E-B298-111A30729C6D}"
EndProject
Global
	GlobalSection(SolutionConfigurationPlatforms) = preSolution
		Debug|Any CPU = Debug|Any CPU
		Release|Any CPU = Release|Any CPU
	EndGlobalSection
	GlobalSection(ProjectConfigurationPlatforms) = postSolution
		{B9B2F0E8-08C6-406E-B298-111A30729C6D}.Debug|Any CPU.ActiveCfg = Debug|Any CPU
		{B9B2F0E8-08C6-406E-B298-111A30729C6D}.Debug|Any CPU.Build.0 = Debug|Any CPU
		{B9B2F0E8-08C6-406E-B298-111A30729C6D}.Release|Any CPU.ActiveCfg = Release|Any CPU
		{B9B2F0E8-08C6-406E-B298-111A30729C6D}.Release|Any CPU.Build.0 = Release|Any CPU
	EndGlobalSection
	GlobalSection(SolutionProperties) = preSolution
		HideSolutionNode = FALSE
	EndGlobalSection
	GlobalSection(ExtensibilityGlobals) = postSolution
		SolutionGuid = {8A8B3134-4C37-49F1-BE71-1C36ED5D60EA}
	EndGlobalSection
EndGlobal
